// !$*UTF8*$!
{
	archiveVersion = 1;
	classes = {
	};
	objectVersion = 56;
	objects = {

/* Begin PBXBuildFile section */
		7462CEAF2C49D495001B2966 /* WeatherAppApp.swift in Sources */ = {isa = PBXBuildFile; fileRef = 7462CEAE2C49D495001B2966 /* WeatherAppApp.swift */; };
		7462CEB12C49D495001B2966 /* ContentView.swift in Sources */ = {isa = PBXBuildFile; fileRef = 7462CEB02C49D495001B2966 /* ContentView.swift */; };
		7462CEB32C49D496001B2966 /* Assets.xcassets in Resources */ = {isa = PBXBuildFile; fileRef = 7462CEB22C49D496001B2966 /* Assets.xcassets */; };
		7462CEB62C49D496001B2966 /* Preview Assets.xcassets in Resources */ = {isa = PBXBuildFile; fileRef = 7462CEB52C49D496001B2966 /* Preview Assets.xcassets */; };
		7462CEC02C49D496001B2966 /* WeatherAppTests.swift in Sources */ = {isa = PBXBuildFile; fileRef = 7462CEBF2C49D496001B2966 /* WeatherAppTests.swift */; };
		7462CECA2C49D496001B2966 /* WeatherAppUITests.swift in Sources */ = {isa = PBXBuildFile; fileRef = 7462CEC92C49D496001B2966 /* WeatherAppUITests.swift */; };
		7462CECC2C49D496001B2966 /* WeatherAppUITestsLaunchTests.swift in Sources */ = {isa = PBXBuildFile; fileRef = 7462CECB2C49D496001B2966 /* WeatherAppUITestsLaunchTests.swift */; };
		7462CEDA2C49D6A0001B2966 /* LocationManager.swift in Sources */ = {isa = PBXBuildFile; fileRef = 7462CED92C49D6A0001B2966 /* LocationManager.swift */; };
		7462CEDD2C49DA7C001B2966 /* HomeView.swift in Sources */ = {isa = PBXBuildFile; fileRef = 7462CEDC2C49DA7C001B2966 /* HomeView.swift */; };
		74C8FD232C586B510012794E /* WeatherManager.swift in Sources */ = {isa = PBXBuildFile; fileRef = 74C8FD222C586B510012794E /* WeatherManager.swift */; };
		74C8FD252C5E71D90012794E /* ModelData.swift in Sources */ = {isa = PBXBuildFile; fileRef = 74C8FD242C5E71D80012794E /* ModelData.swift */; };
		74C8FD272C5E74F00012794E /* WeatherView.swift in Sources */ = {isa = PBXBuildFile; fileRef = 74C8FD262C5E74F00012794E /* WeatherView.swift */; };
/* End PBXBuildFile section */

/* Begin PBXContainerItemProxy section */
		7462CEBC2C49D496001B2966 /* PBXContainerItemProxy */ = {
			isa = PBXContainerItemProxy;
			containerPortal = 7462CEA32C49D495001B2966 /* Project object */;
			proxyType = 1;
			remoteGlobalIDString = 7462CEAA2C49D495001B2966;
			remoteInfo = WeatherApp;
		};
		7462CEC62C49D496001B2966 /* PBXContainerItemProxy */ = {
			isa = PBXContainerItemProxy;
			containerPortal = 7462CEA32C49D495001B2966 /* Project object */;
			proxyType = 1;
			remoteGlobalIDString = 7462CEAA2C49D495001B2966;
			remoteInfo = WeatherApp;
		};
/* End PBXContainerItemProxy section */

/* Begin PBXFileReference section */
		7462CEAB2C49D495001B2966 /* WeatherApp.app */ = {isa = PBXFileReference; explicitFileType = wrapper.application; includeInIndex = 0; path = WeatherApp.app; sourceTree = BUILT_PRODUCTS_DIR; };
		7462CEAE2C49D495001B2966 /* WeatherAppApp.swift */ = {isa = PBXFileReference; lastKnownFileType = sourcecode.swift; path = WeatherAppApp.swift; sourceTree = "<group>"; };
		7462CEB02C49D495001B2966 /* ContentView.swift */ = {isa = PBXFileReference; lastKnownFileType = sourcecode.swift; path = ContentView.swift; sourceTree = "<group>"; };
		7462CEB22C49D496001B2966 /* Assets.xcassets */ = {isa = PBXFileReference; lastKnownFileType = folder.assetcatalog; path = Assets.xcassets; sourceTree = "<group>"; };
		7462CEB52C49D496001B2966 /* Preview Assets.xcassets */ = {isa = PBXFileReference; lastKnownFileType = folder.assetcatalog; path = "Preview Assets.xcassets"; sourceTree = "<group>"; };
		7462CEBB2C49D496001B2966 /* WeatherAppTests.xctest */ = {isa = PBXFileReference; explicitFileType = wrapper.cfbundle; includeInIndex = 0; path = WeatherAppTests.xctest; sourceTree = BUILT_PRODUCTS_DIR; };
		7462CEBF2C49D496001B2966 /* WeatherAppTests.swift */ = {isa = PBXFileReference; lastKnownFileType = sourcecode.swift; path = WeatherAppTests.swift; sourceTree = "<group>"; };
		7462CEC52C49D496001B2966 /* WeatherAppUITests.xctest */ = {isa = PBXFileReference; explicitFileType = wrapper.cfbundle; includeInIndex = 0; path = WeatherAppUITests.xctest; sourceTree = BUILT_PRODUCTS_DIR; };
		7462CEC92C49D496001B2966 /* WeatherAppUITests.swift */ = {isa = PBXFileReference; lastKnownFileType = sourcecode.swift; path = WeatherAppUITests.swift; sourceTree = "<group>"; };
		7462CECB2C49D496001B2966 /* WeatherAppUITestsLaunchTests.swift */ = {isa = PBXFileReference; lastKnownFileType = sourcecode.swift; path = WeatherAppUITestsLaunchTests.swift; sourceTree = "<group>"; };
		7462CED92C49D6A0001B2966 /* LocationManager.swift */ = {isa = PBXFileReference; lastKnownFileType = sourcecode.swift; path = LocationManager.swift; sourceTree = "<group>"; };
		7462CEDC2C49DA7C001B2966 /* HomeView.swift */ = {isa = PBXFileReference; lastKnownFileType = sourcecode.swift; path = HomeView.swift; sourceTree = "<group>"; };
		74C8FD222C586B510012794E /* WeatherManager.swift */ = {isa = PBXFileReference; lastKnownFileType = sourcecode.swift; path = WeatherManager.swift; sourceTree = "<group>"; };
		74C8FD242C5E71D80012794E /* ModelData.swift */ = {isa = PBXFileReference; lastKnownFileType = sourcecode.swift; path = ModelData.swift; sourceTree = "<group>"; };
		74C8FD262C5E74F00012794E /* WeatherView.swift */ = {isa = PBXFileReference; lastKnownFileType = sourcecode.swift; path = WeatherView.swift; sourceTree = "<group>"; };
/* End PBXFileReference section */

/* Begin PBXFrameworksBuildPhase section */
		7462CEA82C49D495001B2966 /* Frameworks */ = {
			isa = PBXFrameworksBuildPhase;
			buildActionMask = 2147483647;
			files = (
			);
			runOnlyForDeploymentPostprocessing = 0;
		};
		7462CEB82C49D496001B2966 /* Frameworks */ = {
			isa = PBXFrameworksBuildPhase;
			buildActionMask = 2147483647;
			files = (
			);
			runOnlyForDeploymentPostprocessing = 0;
		};
		7462CEC22C49D496001B2966 /* Frameworks */ = {
			isa = PBXFrameworksBuildPhase;
			buildActionMask = 2147483647;
			files = (
			);
			runOnlyForDeploymentPostprocessing = 0;
		};
/* End PBXFrameworksBuildPhase section */

/* Begin PBXGroup section */
		7462CEA22C49D495001B2966 = {
			isa = PBXGroup;
			children = (
				7462CEAD2C49D495001B2966 /* WeatherApp */,
				7462CEBE2C49D496001B2966 /* WeatherAppTests */,
				7462CEC82C49D496001B2966 /* WeatherAppUITests */,
				7462CEAC2C49D495001B2966 /* Products */,
			);
			sourceTree = "<group>";
		};
		7462CEAC2C49D495001B2966 /* Products */ = {
			isa = PBXGroup;
			children = (
				7462CEAB2C49D495001B2966 /* WeatherApp.app */,
				7462CEBB2C49D496001B2966 /* WeatherAppTests.xctest */,
				7462CEC52C49D496001B2966 /* WeatherAppUITests.xctest */,
			);
			name = Products;
			sourceTree = "<group>";
		};
		7462CEAD2C49D495001B2966 /* WeatherApp */ = {
			isa = PBXGroup;
			children = (
				7462CEDB2C49D9B2001B2966 /* Views */,
				7462CED82C49D681001B2966 /* Managers */,
				7462CEAE2C49D495001B2966 /* WeatherAppApp.swift */,
				7462CEB22C49D496001B2966 /* Assets.xcassets */,
				7462CEB42C49D496001B2966 /* Preview Content */,
			);
			path = WeatherApp;
			sourceTree = "<group>";
		};
		7462CEB42C49D496001B2966 /* Preview Content */ = {
			isa = PBXGroup;
			children = (
				7462CEB52C49D496001B2966 /* Preview Assets.xcassets */,
			);
			path = "Preview Content";
			sourceTree = "<group>";
		};
		7462CEBE2C49D496001B2966 /* WeatherAppTests */ = {
			isa = PBXGroup;
			children = (
				7462CEBF2C49D496001B2966 /* WeatherAppTests.swift */,
			);
			path = WeatherAppTests;
			sourceTree = "<group>";
		};
		7462CEC82C49D496001B2966 /* WeatherAppUITests */ = {
			isa = PBXGroup;
			children = (
				7462CEC92C49D496001B2966 /* WeatherAppUITests.swift */,
				7462CECB2C49D496001B2966 /* WeatherAppUITestsLaunchTests.swift */,
			);
			path = WeatherAppUITests;
			sourceTree = "<group>";
		};
		7462CED82C49D681001B2966 /* Managers */ = {
			isa = PBXGroup;
			children = (
				7462CED92C49D6A0001B2966 /* LocationManager.swift */,
				74C8FD222C586B510012794E /* WeatherManager.swift */,
				74C8FD242C5E71D80012794E /* ModelData.swift */,
			);
			path = Managers;
			sourceTree = "<group>";
		};
		7462CEDB2C49D9B2001B2966 /* Views */ = {
			isa = PBXGroup;
			children = (
				7462CEB02C49D495001B2966 /* ContentView.swift */,
				7462CEDC2C49DA7C001B2966 /* HomeView.swift */,
				74C8FD262C5E74F00012794E /* WeatherView.swift */,
			);
			path = Views;
			sourceTree = "<group>";
		};
/* End PBXGroup section */

/* Begin PBXNativeTarget section */
		7462CEAA2C49D495001B2966 /* WeatherApp */ = {
			isa = PBXNativeTarget;
			buildConfigurationList = 7462CECF2C49D496001B2966 /* Build configuration list for PBXNativeTarget "WeatherApp" */;
			buildPhases = (
				7462CEA72C49D495001B2966 /* Sources */,
				7462CEA82C49D495001B2966 /* Frameworks */,
				7462CEA92C49D495001B2966 /* Resources */,
			);
			buildRules = (
			);
			dependencies = (
			);
			name = WeatherApp;
			productName = WeatherApp;
			productReference = 7462CEAB2C49D495001B2966 /* WeatherApp.app */;
			productType = "com.apple.product-type.application";
		};
		7462CEBA2C49D496001B2966 /* WeatherAppTests */ = {
			isa = PBXNativeTarget;
			buildConfigurationList = 7462CED22C49D496001B2966 /* Build configuration list for PBXNativeTarget "WeatherAppTests" */;
			buildPhases = (
				7462CEB72C49D496001B2966 /* Sources */,
				7462CEB82C49D496001B2966 /* Frameworks */,
				7462CEB92C49D496001B2966 /* Resources */,
			);
			buildRules = (
			);
			dependencies = (
				7462CEBD2C49D496001B2966 /* PBXTargetDependency */,
			);
			name = WeatherAppTests;
			productName = WeatherAppTests;
			productReference = 7462CEBB2C49D496001B2966 /* WeatherAppTests.xctest */;
			productType = "com.apple.product-type.bundle.unit-test";
		};
		7462CEC42C49D496001B2966 /* WeatherAppUITests */ = {
			isa = PBXNativeTarget;
			buildConfigurationList = 7462CED52C49D496001B2966 /* Build configuration list for PBXNativeTarget "WeatherAppUITests" */;
			buildPhases = (
				7462CEC12C49D496001B2966 /* Sources */,
				7462CEC22C49D496001B2966 /* Frameworks */,
				7462CEC32C49D496001B2966 /* Resources */,
			);
			buildRules = (
			);
			dependencies = (
				7462CEC72C49D496001B2966 /* PBXTargetDependency */,
			);
			name = WeatherAppUITests;
			productName = WeatherAppUITests;
			productReference = 7462CEC52C49D496001B2966 /* WeatherAppUITests.xctest */;
			productType = "com.apple.product-type.bundle.ui-testing";
		};
/* End PBXNativeTarget section */

/* Begin PBXProject section */
		7462CEA32C49D495001B2966 /* Project object */ = {
			isa = PBXProject;
			attributes = {
				BuildIndependentTargetsInParallel = 1;
				LastSwiftUpdateCheck = 1540;
				LastUpgradeCheck = 1540;
				TargetAttributes = {
					7462CEAA2C49D495001B2966 = {
						CreatedOnToolsVersion = 15.4;
					};
					7462CEBA2C49D496001B2966 = {
						CreatedOnToolsVersion = 15.4;
						TestTargetID = 7462CEAA2C49D495001B2966;
					};
					7462CEC42C49D496001B2966 = {
						CreatedOnToolsVersion = 15.4;
						TestTargetID = 7462CEAA2C49D495001B2966;
					};
				};
			};
			buildConfigurationList = 7462CEA62C49D495001B2966 /* Build configuration list for PBXProject "WeatherApp" */;
			compatibilityVersion = "Xcode 14.0";
			developmentRegion = en;
			hasScannedForEncodings = 0;
			knownRegions = (
				en,
				Base,
			);
			mainGroup = 7462CEA22C49D495001B2966;
			productRefGroup = 7462CEAC2C49D495001B2966 /* Products */;
			projectDirPath = "";
			projectRoot = "";
			targets = (
				7462CEAA2C49D495001B2966 /* WeatherApp */,
				7462CEBA2C49D496001B2966 /* WeatherAppTests */,
				7462CEC42C49D496001B2966 /* WeatherAppUITests */,
			);
		};
/* End PBXProject section */

/* Begin PBXResourcesBuildPhase section */
		7462CEA92C49D495001B2966 /* Resources */ = {
			isa = PBXResourcesBuildPhase;
			buildActionMask = 2147483647;
			files = (
				7462CEB62C49D496001B2966 /* Preview Assets.xcassets in Resources */,
				7462CEB32C49D496001B2966 /* Assets.xcassets in Resources */,
			);
			runOnlyForDeploymentPostprocessing = 0;
		};
		7462CEB92C49D496001B2966 /* Resources */ = {
			isa = PBXResourcesBuildPhase;
			buildActionMask = 2147483647;
			files = (
			);
			runOnlyForDeploymentPostprocessing = 0;
		};
		7462CEC32C49D496001B2966 /* Resources */ = {
			isa = PBXResourcesBuildPhase;
			buildActionMask = 2147483647;
			files = (
			);
			runOnlyForDeploymentPostprocessing = 0;
		};
/* End PBXResourcesBuildPhase section */

/* Begin PBXSourcesBuildPhase section */
		7462CEA72C49D495001B2966 /* Sources */ = {
			isa = PBXSourcesBuildPhase;
			buildActionMask = 2147483647;
			files = (
				7462CEB12C49D495001B2966 /* ContentView.swift in Sources */,
				7462CEDD2C49DA7C001B2966 /* HomeView.swift in Sources */,
				74C8FD232C586B510012794E /* WeatherManager.swift in Sources */,
				7462CEAF2C49D495001B2966 /* WeatherAppApp.swift in Sources */,
				7462CEDA2C49D6A0001B2966 /* LocationManager.swift in Sources */,
				74C8FD272C5E74F00012794E /* WeatherView.swift in Sources */,
				74C8FD252C5E71D90012794E /* ModelData.swift in Sources */,
			);
			runOnlyForDeploymentPostprocessing = 0;
		};
		7462CEB72C49D496001B2966 /* Sources */ = {
			isa = PBXSourcesBuildPhase;
			buildActionMask = 2147483647;
			files = (
				7462CEC02C49D496001B2966 /* WeatherAppTests.swift in Sources */,
			);
			runOnlyForDeploymentPostprocessing = 0;
		};
		7462CEC12C49D496001B2966 /* Sources */ = {
			isa = PBXSourcesBuildPhase;
			buildActionMask = 2147483647;
			files = (
				7462CECA2C49D496001B2966 /* WeatherAppUITests.swift in Sources */,
				7462CECC2C49D496001B2966 /* WeatherAppUITestsLaunchTests.swift in Sources */,
			);
			runOnlyForDeploymentPostprocessing = 0;
		};
/* End PBXSourcesBuildPhase section */

/* Begin PBXTargetDependency section */
		7462CEBD2C49D496001B2966 /* PBXTargetDependency */ = {
			isa = PBXTargetDependency;
			target = 7462CEAA2C49D495001B2966 /* WeatherApp */;
			targetProxy = 7462CEBC2C49D496001B2966 /* PBXContainerItemProxy */;
		};
		7462CEC72C49D496001B2966 /* PBXTargetDependency */ = {
			isa = PBXTargetDependency;
			target = 7462CEAA2C49D495001B2966 /* WeatherApp */;
			targetProxy = 7462CEC62C49D496001B2966 /* PBXContainerItemProxy */;
		};
/* End PBXTargetDependency section */

/* Begin XCBuildConfiguration section */
		7462CECD2C49D496001B2966 /* Debug */ = {
			isa = XCBuildConfiguration;
			buildSettings = {
				ALWAYS_SEARCH_USER_PATHS = NO;
				ASSETCATALOG_COMPILER_GENERATE_SWIFT_ASSET_SYMBOL_EXTENSIONS = YES;
				CLANG_ANALYZER_NONNULL = YES;
				CLANG_ANALYZER_NUMBER_OBJECT_CONVERSION = YES_AGGRESSIVE;
				CLANG_CXX_LANGUAGE_STANDARD = "gnu++20";
				CLANG_ENABLE_MODULES = YES;
				CLANG_ENABLE_OBJC_ARC = YES;
				CLANG_ENABLE_OBJC_WEAK = YES;
				CLANG_WARN_BLOCK_CAPTURE_AUTORELEASING = YES;
				CLANG_WARN_BOOL_CONVERSION = YES;
				CLANG_WARN_COMMA = YES;
				CLANG_WARN_CONSTANT_CONVERSION = YES;
				CLANG_WARN_DEPRECATED_OBJC_IMPLEMENTATIONS = YES;
				CLANG_WARN_DIRECT_OBJC_ISA_USAGE = YES_ERROR;
				CLANG_WARN_DOCUMENTATION_COMMENTS = YES;
				CLANG_WARN_EMPTY_BODY = YES;
				CLANG_WARN_ENUM_CONVERSION = YES;
				CLANG_WARN_INFINITE_RECURSION = YES;
				CLANG_WARN_INT_CONVERSION = YES;
				CLANG_WARN_NON_LITERAL_NULL_CONVERSION = YES;
				CLANG_WARN_OBJC_IMPLICIT_RETAIN_SELF = YES;
				CLANG_WARN_OBJC_LITERAL_CONVERSION = YES;
				CLANG_WARN_OBJC_ROOT_CLASS = YES_ERROR;
				CLANG_WARN_QUOTED_INCLUDE_IN_FRAMEWORK_HEADER = YES;
				CLANG_WARN_RANGE_LOOP_ANALYSIS = YES;
				CLANG_WARN_STRICT_PROTOTYPES = YES;
				CLANG_WARN_SUSPICIOUS_MOVE = YES;
				CLANG_WARN_UNGUARDED_AVAILABILITY = YES_AGGRESSIVE;
				CLANG_WARN_UNREACHABLE_CODE = YES;
				CLANG_WARN__DUPLICATE_METHOD_MATCH = YES;
				COPY_PHASE_STRIP = NO;
				DEBUG_INFORMATION_FORMAT = dwarf;
				ENABLE_STRICT_OBJC_MSGSEND = YES;
				ENABLE_TESTABILITY = YES;
				ENABLE_USER_SCRIPT_SANDBOXING = YES;
				GCC_C_LANGUAGE_STANDARD = gnu17;
				GCC_DYNAMIC_NO_PIC = NO;
				GCC_NO_COMMON_BLOCKS = YES;
				GCC_OPTIMIZATION_LEVEL = 0;
				GCC_PREPROCESSOR_DEFINITIONS = (
					"DEBUG=1",
					"$(inherited)",
				);
				GCC_WARN_64_TO_32_BIT_CONVERSION = YES;
				GCC_WARN_ABOUT_RETURN_TYPE = YES_ERROR;
				GCC_WARN_UNDECLARED_SELECTOR = YES;
				GCC_WARN_UNINITIALIZED_AUTOS = YES_AGGRESSIVE;
				GCC_WARN_UNUSED_FUNCTION = YES;
				GCC_WARN_UNUSED_VARIABLE = YES;
				IPHONEOS_DEPLOYMENT_TARGET = 17.5;
				LOCALIZATION_PREFERS_STRING_CATALOGS = YES;
				MTL_ENABLE_DEBUG_INFO = INCLUDE_SOURCE;
				MTL_FAST_MATH = YES;
				ONLY_ACTIVE_ARCH = YES;
				SDKROOT = iphoneos;
				SWIFT_ACTIVE_COMPILATION_CONDITIONS = "DEBUG $(inherited)";
				SWIFT_OPTIMIZATION_LEVEL = "-Onone";
			};
			name = Debug;
		};
		7462CECE2C49D496001B2966 /* Release */ = {
			isa = XCBuildConfiguration;
			buildSettings = {
				ALWAYS_SEARCH_USER_PATHS = NO;
				ASSETCATALOG_COMPILER_GENERATE_SWIFT_ASSET_SYMBOL_EXTENSIONS = YES;
				CLANG_ANALYZER_NONNULL = YES;
				CLANG_ANALYZER_NUMBER_OBJECT_CONVERSION = YES_AGGRESSIVE;
				CLANG_CXX_LANGUAGE_STANDARD = "gnu++20";
				CLANG_ENABLE_MODULES = YES;
				CLANG_ENABLE_OBJC_ARC = YES;
				CLANG_ENABLE_OBJC_WEAK = YES;
				CLANG_WARN_BLOCK_CAPTURE_AUTORELEASING = YES;
				CLANG_WARN_BOOL_CONVERSION = YES;
				CLANG_WARN_COMMA = YES;
				CLANG_WARN_CONSTANT_CONVERSION = YES;
				CLANG_WARN_DEPRECATED_OBJC_IMPLEMENTATIONS = YES;
				CLANG_WARN_DIRECT_OBJC_ISA_USAGE = YES_ERROR;
				CLANG_WARN_DOCUMENTATION_COMMENTS = YES;
				CLANG_WARN_EMPTY_BODY = YES;
				CLANG_WARN_ENUM_CONVERSION = YES;
				CLANG_WARN_INFINITE_RECURSION = YES;
				CLANG_WARN_INT_CONVERSION = YES;
				CLANG_WARN_NON_LITERAL_NULL_CONVERSION = YES;
				CLANG_WARN_OBJC_IMPLICIT_RETAIN_SELF = YES;
				CLANG_WARN_OBJC_LITERAL_CONVERSION = YES;
				CLANG_WARN_OBJC_ROOT_CLASS = YES_ERROR;
				CLANG_WARN_QUOTED_INCLUDE_IN_FRAMEWORK_HEADER = YES;
				CLANG_WARN_RANGE_LOOP_ANALYSIS = YES;
				CLANG_WARN_STRICT_PROTOTYPES = YES;
				CLANG_WARN_SUSPICIOUS_MOVE = YES;
				CLANG_WARN_UNGUARDED_AVAILABILITY = YES_AGGRESSIVE;
				CLANG_WARN_UNREACHABLE_CODE = YES;
				CLANG_WARN__DUPLICATE_METHOD_MATCH = YES;
				COPY_PHASE_STRIP = NO;
				DEBUG_INFORMATION_FORMAT = "dwarf-with-dsym";
				ENABLE_NS_ASSERTIONS = NO;
				ENABLE_STRICT_OBJC_MSGSEND = YES;
				ENABLE_USER_SCRIPT_SANDBOXING = YES;
				GCC_C_LANGUAGE_STANDARD = gnu17;
				GCC_NO_COMMON_BLOCKS = YES;
				GCC_WARN_64_TO_32_BIT_CONVERSION = YES;
				GCC_WARN_ABOUT_RETURN_TYPE = YES_ERROR;
				GCC_WARN_UNDECLARED_SELECTOR = YES;
				GCC_WARN_UNINITIALIZED_AUTOS = YES_AGGRESSIVE;
				GCC_WARN_UNUSED_FUNCTION = YES;
				GCC_WARN_UNUSED_VARIABLE = YES;
				IPHONEOS_DEPLOYMENT_TARGET = 17.5;
				LOCALIZATION_PREFERS_STRING_CATALOGS = YES;
				MTL_ENABLE_DEBUG_INFO = NO;
				MTL_FAST_MATH = YES;
				SDKROOT = iphoneos;
				SWIFT_COMPILATION_MODE = wholemodule;
				VALIDATE_PRODUCT = YES;
			};
			name = Release;
		};
		7462CED02C49D496001B2966 /* Debug */ = {
			isa = XCBuildConfiguration;
			buildSettings = {
				ASSETCATALOG_COMPILER_APPICON_NAME = AppIcon;
				ASSETCATALOG_COMPILER_GLOBAL_ACCENT_COLOR_NAME = AccentColor;
				CODE_SIGN_STYLE = Automatic;
				CURRENT_PROJECT_VERSION = 1;
				DEVELOPMENT_ASSET_PATHS = "\"WeatherApp/Preview Content\"";
				ENABLE_PREVIEWS = YES;
				GENERATE_INFOPLIST_FILE = YES;
				INFOPLIST_KEY_UIApplicationSceneManifest_Generation = YES;
				INFOPLIST_KEY_UIApplicationSupportsIndirectInputEvents = YES;
				INFOPLIST_KEY_UILaunchScreen_Generation = YES;
				INFOPLIST_KEY_UISupportedInterfaceOrientations_iPad = "UIInterfaceOrientationPortrait UIInterfaceOrientationPortraitUpsideDown UIInterfaceOrientationLandscapeLeft UIInterfaceOrientationLandscapeRight";
				INFOPLIST_KEY_UISupportedInterfaceOrientations_iPhone = "UIInterfaceOrientationPortrait UIInterfaceOrientationLandscapeLeft UIInterfaceOrientationLandscapeRight";
				LD_RUNPATH_SEARCH_PATHS = (
					"$(inherited)",
					"@executable_path/Frameworks",
				);
				MARKETING_VERSION = 1.0;
				PRODUCT_BUNDLE_IDENTIFIER = com.igorgabriel.WeatherApp;
				PRODUCT_NAME = "$(TARGET_NAME)";
				SWIFT_EMIT_LOC_STRINGS = YES;
				SWIFT_VERSION = 5.0;
				TARGETED_DEVICE_FAMILY = "1,2";
			};
			name = Debug;
		};
		7462CED12C49D496001B2966 /* Release */ = {
			isa = XCBuildConfiguration;
			buildSettings = {
				ASSETCATALOG_COMPILER_APPICON_NAME = AppIcon;
				ASSETCATALOG_COMPILER_GLOBAL_ACCENT_COLOR_NAME = AccentColor;
				CODE_SIGN_STYLE = Automatic;
				CURRENT_PROJECT_VERSION = 1;
				DEVELOPMENT_ASSET_PATHS = "\"WeatherApp/Preview Content\"";
				ENABLE_PREVIEWS = YES;
				GENERATE_INFOPLIST_FILE = YES;
				INFOPLIST_KEY_UIApplicationSceneManifest_Generation = YES;
				INFOPLIST_KEY_UIApplicationSupportsIndirectInputEvents = YES;
				INFOPLIST_KEY_UILaunchScreen_Generation = YES;
				INFOPLIST_KEY_UISupportedInterfaceOrientations_iPad = "UIInterfaceOrientationPortrait UIInterfaceOrientationPortraitUpsideDown UIInterfaceOrientationLandscapeLeft UIInterfaceOrientationLandscapeRight";
				INFOPLIST_KEY_UISupportedInterfaceOrientations_iPhone = "UIInterfaceOrientationPortrait UIInterfaceOrientationLandscapeLeft UIInterfaceOrientationLandscapeRight";
				LD_RUNPATH_SEARCH_PATHS = (
					"$(inherited)",
					"@executable_path/Frameworks",
				);
				MARKETING_VERSION = 1.0;
				PRODUCT_BUNDLE_IDENTIFIER = com.igorgabriel.WeatherApp;
				PRODUCT_NAME = "$(TARGET_NAME)";
				SWIFT_EMIT_LOC_STRINGS = YES;
				SWIFT_VERSION = 5.0;
				TARGETED_DEVICE_FAMILY = "1,2";
			};
			name = Release;
		};
		7462CED32C49D496001B2966 /* Debug */ = {
			isa = XCBuildConfiguration;
			buildSettings = {
				ALWAYS_EMBED_SWIFT_STANDARD_LIBRARIES = YES;
				BUNDLE_LOADER = "$(TEST_HOST)";
				CODE_SIGN_STYLE = Automatic;
				CURRENT_PROJECT_VERSION = 1;
				GENERATE_INFOPLIST_FILE = YES;
				IPHONEOS_DEPLOYMENT_TARGET = 17.5;
				MARKETING_VERSION = 1.0;
				PRODUCT_BUNDLE_IDENTIFIER = com.igorgabriel.WeatherAppTests;
				PRODUCT_NAME = "$(TARGET_NAME)";
				SWIFT_EMIT_LOC_STRINGS = NO;
				SWIFT_VERSION = 5.0;
				TARGETED_DEVICE_FAMILY = "1,2";
				TEST_HOST = "$(BUILT_PRODUCTS_DIR)/WeatherApp.app/$(BUNDLE_EXECUTABLE_FOLDER_PATH)/WeatherApp";
			};
			name = Debug;
		};
		7462CED42C49D496001B2966 /* Release */ = {
			isa = XCBuildConfiguration;
			buildSettings = {
				ALWAYS_EMBED_SWIFT_STANDARD_LIBRARIES = YES;
				BUNDLE_LOADER = "$(TEST_HOST)";
				CODE_SIGN_STYLE = Automatic;
				CURRENT_PROJECT_VERSION = 1;
				GENERATE_INFOPLIST_FILE = YES;
				IPHONEOS_DEPLOYMENT_TARGET = 17.5;
				MARKETING_VERSION = 1.0;
				PRODUCT_BUNDLE_IDENTIFIER = com.igorgabriel.WeatherAppTests;
				PRODUCT_NAME = "$(TARGET_NAME)";
				SWIFT_EMIT_LOC_STRINGS = NO;
				SWIFT_VERSION = 5.0;
				TARGETED_DEVICE_FAMILY = "1,2";
				TEST_HOST = "$(BUILT_PRODUCTS_DIR)/WeatherApp.app/$(BUNDLE_EXECUTABLE_FOLDER_PATH)/WeatherApp";
			};
			name = Release;
		};
		7462CED62C49D496001B2966 /* Debug */ = {
			isa = XCBuildConfiguration;
			buildSettings = {
				ALWAYS_EMBED_SWIFT_STANDARD_LIBRARIES = YES;
				CODE_SIGN_STYLE = Automatic;
				CURRENT_PROJECT_VERSION = 1;
				GENERATE_INFOPLIST_FILE = YES;
				MARKETING_VERSION = 1.0;
				PRODUCT_BUNDLE_IDENTIFIER = com.igorgabriel.WeatherAppUITests;
				PRODUCT_NAME = "$(TARGET_NAME)";
				SWIFT_EMIT_LOC_STRINGS = NO;
				SWIFT_VERSION = 5.0;
				TARGETED_DEVICE_FAMILY = "1,2";
				TEST_TARGET_NAME = WeatherApp;
			};
			name = Debug;
		};
		7462CED72C49D496001B2966 /* Release */ = {
			isa = XCBuildConfiguration;
			buildSettings = {
				ALWAYS_EMBED_SWIFT_STANDARD_LIBRARIES = YES;
				CODE_SIGN_STYLE = Automatic;
				CURRENT_PROJECT_VERSION = 1;
				GENERATE_INFOPLIST_FILE = YES;
				MARKETING_VERSION = 1.0;
				PRODUCT_BUNDLE_IDENTIFIER = com.igorgabriel.WeatherAppUITests;
				PRODUCT_NAME = "$(TARGET_NAME)";
				SWIFT_EMIT_LOC_STRINGS = NO;
				SWIFT_VERSION = 5.0;
				TARGETED_DEVICE_FAMILY = "1,2";
				TEST_TARGET_NAME = WeatherApp;
			};
			name = Release;
		};
/* End XCBuildConfiguration section */

/* Begin XCConfigurationList section */
		7462CEA62C49D495001B2966 /* Build configuration list for PBXProject "WeatherApp" */ = {
			isa = XCConfigurationList;
			buildConfigurations = (
				7462CECD2C49D496001B2966 /* Debug */,
				7462CECE2C49D496001B2966 /* Release */,
			);
			defaultConfigurationIsVisible = 0;
			defaultConfigurationName = Release;
		};
		7462CECF2C49D496001B2966 /* Build configuration list for PBXNativeTarget "WeatherApp" */ = {
			isa = XCConfigurationList;
			buildConfigurations = (
				7462CED02C49D496001B2966 /* Debug */,
				7462CED12C49D496001B2966 /* Release */,
			);
			defaultConfigurationIsVisible = 0;
			defaultConfigurationName = Release;
		};
		7462CED22C49D496001B2966 /* Build configuration list for PBXNativeTarget "WeatherAppTests" */ = {
			isa = XCConfigurationList;
			buildConfigurations = (
				7462CED32C49D496001B2966 /* Debug */,
				7462CED42C49D496001B2966 /* Release */,
			);
			defaultConfigurationIsVisible = 0;
			defaultConfigurationName = Release;
		};
		7462CED52C49D496001B2966 /* Build configuration list for PBXNativeTarget "WeatherAppUITests" */ = {
			isa = XCConfigurationList;
			buildConfigurations = (
				7462CED62C49D496001B2966 /* Debug */,
				7462CED72C49D496001B2966 /* Release */,
			);
			defaultConfigurationIsVisible = 0;
			defaultConfigurationName = Release;
		};
/* End XCConfigurationList section */
	};
	rootObject = 7462CEA32C49D495001B2966 /* Project object */;
}
